
Microsoft Visual Studio Solution File, Format Version 12.00
# Visual Studio Version 17
VisualStudioVersion = 17.0.32112.339
MinimumVisualStudioVersion = 10.0.40219.1
Project("{FAE04EC0-301F-11D3-BF4B-00C04F79EFBC}") = "TiendaOnline", "TiendaOnline\TiendaOnline.csproj", "{635DA121-7C70-4DA4-9CCD-040278060A84}"
EndProject
Global
	GlobalSection(SolutionConfigurationPlatforms) = preSolution
		Debug|Any CPU = Debug|Any CPU
		Release|Any CPU = Release|Any CPU
	EndGlobalSection
	GlobalSection(ProjectConfigurationPlatforms) = postSolution
		{635DA121-7C70-4DA4-9CCD-040278060A84}.Debug|Any CPU.ActiveCfg = Debug|Any CPU
		{635DA121-7C70-4DA4-9CCD-040278060A84}.Debug|Any CPU.Build.0 = Debug|Any CPU
		{635DA121-7C70-4DA4-9CCD-040278060A84}.Release|Any CPU.ActiveCfg = Release|Any CPU
		{635DA121-7C70-4DA4-9CCD-040278060A84}.Release|Any CPU.Build.0 = Release|Any CPU
	EndGlobalSection
	GlobalSection(SolutionProperties) = preSolution
		HideSolutionNode = FALSE
	EndGlobalSection
	GlobalSection(ExtensibilityGlobals) = postSolution
		SolutionGuid = {E4ABF7C8-C378-401F-BFB2-BC3E708B9EB5}
	EndGlobalSection
EndGlobal
